{
  "object": {
    "pins": [
      {
        "package": "Promissum",
        "repositoryURL": "https://github.com/tomlokhorst/Promissum",
        "state": {
          "branch": null,
          "revision": "a1139bb984d04d4bd4a0350b2a31800ac73205b2",
          "version": "7.0.0"
        }
      }
    ]
  },
  "version": 1
}
