{
  "object": {
    "pins": [
      {
        "package": "Promissum",
        "repositoryURL": "https://github.com/tomlokhorst/Promissum",
        "state": {
          "branch": null,
          "revision": "59e243264ff5277ab7735848076b3e906cfc3b84",
          "version": "4.0.0"
        }
      }
    ]
  },
  "version": 1
}
